
Microsoft Visual Studio Solution File, Format Version 12.00
# Visual Studio Version 17
VisualStudioVersion = 17.9.34622.214
MinimumVisualStudioVersion = 10.0.40219.1
Project("{FAE04EC0-301F-11D3-BF4B-00C04F79EFBC}") = "CafeSystem", "CafeSystem\CafeSystem.csproj", "{731BCCB6-D644-4094-B42F-4748EDEAB60F}"
EndProject
Global
	GlobalSection(SolutionConfigurationPlatforms) = preSolution
		Debug|Any CPU = Debug|Any CPU
		Release|Any CPU = Release|Any CPU
	EndGlobalSection
	GlobalSection(ProjectConfigurationPlatforms) = postSolution
		{731BCCB6-D644-4094-B42F-4748EDEAB60F}.Debug|Any CPU.ActiveCfg = Debug|Any CPU
		{731BCCB6-D644-4094-B42F-4748EDEAB60F}.Debug|Any CPU.Build.0 = Debug|Any CPU
		{731BCCB6-D644-4094-B42F-4748EDEAB60F}.Release|Any CPU.ActiveCfg = Release|Any CPU
		{731BCCB6-D644-4094-B42F-4748EDEAB60F}.Release|Any CPU.Build.0 = Release|Any CPU
	EndGlobalSection
	GlobalSection(SolutionProperties) = preSolution
		HideSolutionNode = FALSE
	EndGlobalSection
	GlobalSection(ExtensibilityGlobals) = postSolution
		SolutionGuid = {B33CA4D7-EF29-4D77-A542-B82C9C854595}
	EndGlobalSection
EndGlobal
